# THIS IS AN AUTOGENERATED FILE. DO NOT EDIT THIS FILE DIRECTLY.
# yarn lockfile v1


"@types/unist@^2.0.0":
  version "2.0.3"
  resolved "https://registry.yarnpkg.com/@types/unist/-/unist-2.0.3.tgz#9c088679876f374eb5983f150d4787aa6fb32d7e"
  integrity sha512-FvUupuM3rlRsRtCN+fDudtmytGO6iHJuuRKS1Ss0pG5z8oX0diNEw94UEL7hgDbpN94rgaK5R7sWm6RrSkZuAQ==

hyphenation.en-us@^0.2.1:
  version "0.2.1"
  resolved "https://registry.yarnpkg.com/hyphenation.en-us/-/hyphenation.en-us-0.2.1.tgz#6b937323ff40da474ecb8c07eaeb79d6ae28fed8"
  integrity sha1-a5NzI/9A2kdOy4wH6ut51q4o/tg=
  dependencies:
    hypher "*"

hypher@*, hypher@^0.2.5:
  version "0.2.5"
  resolved "https://registry.yarnpkg.com/hypher/-/hypher-0.2.5.tgz#2fe456ed2a3fd4ed0d9e428617181c59f9a6dd02"
  integrity sha1-L+RW7So/1O0NnkKGFxgcWfmm3QI=

remark-hypher@^0.0.1:
  version "0.0.1"
  resolved "https://registry.yarnpkg.com/remark-hypher/-/remark-hypher-0.0.1.tgz#f741e6aa81ebde04208c57d1390a06a677c4eefc"
  integrity sha512-MaRg7+gIDGb76N7WIH0tmRhGz1IAqOxM+26GqjATgBATYBx5H/n+tAUta8DrE1hSNxH40QAd4yjwKXV2uD2d8w==
  dependencies:
    hyphenation.en-us "^0.2.1"
    hypher "^0.2.5"
    unist-util-visit "^2.0.2"

unist-util-is@^4.0.0:
  version "4.0.2"
  resolved "https://registry.yarnpkg.com/unist-util-is/-/unist-util-is-4.0.2.tgz#c7d1341188aa9ce5b3cff538958de9895f14a5de"
  integrity sha512-Ofx8uf6haexJwI1gxWMGg6I/dLnF2yE+KibhD3/diOqY2TinLcqHXCV6OI5gFVn3xQqDH+u0M625pfKwIwgBKQ==

unist-util-visit-parents@^3.0.0:
  version "3.0.2"
  resolved "https://registry.yarnpkg.com/unist-util-visit-parents/-/unist-util-visit-parents-3.0.2.tgz#d4076af3011739c71d2ce99d05de37d545f4351d"
  integrity sha512-yJEfuZtzFpQmg1OSCyS9M5NJRrln/9FbYosH3iW0MG402QbdbaB8ZESwUv9RO6nRfLAKvWcMxCwdLWOov36x/g==
  dependencies:
    "@types/unist" "^2.0.0"
    unist-util-is "^4.0.0"

unist-util-visit@^2.0.2:
  version "2.0.2"
  resolved "https://registry.yarnpkg.com/unist-util-visit/-/unist-util-visit-2.0.2.tgz#3843782a517de3d2357b4c193b24af2d9366afb7"
  integrity sha512-HoHNhGnKj6y+Sq+7ASo2zpVdfdRifhTgX2KTU3B/sO/TTlZchp7E3S4vjRzDJ7L60KmrCPsQkVK3lEF3cz36XQ==
  dependencies:
    "@types/unist" "^2.0.0"
    unist-util-is "^4.0.0"
    unist-util-visit-parents "^3.0.0"
